
Microsoft Visual Studio Solution File, Format Version 12.00
# Visual Studio Version 16
VisualStudioVersion = 16.0.31702.278
MinimumVisualStudioVersion = 10.0.40219.1
Project("{FAE04EC0-301F-11D3-BF4B-00C04F79EFBC}") = "JobMVC", "JobMVC\JobMVC.csproj", "{70A8CC42-EDAF-4CBC-8960-5D1C23AE3795}"
EndProject
Global
	GlobalSection(SolutionConfigurationPlatforms) = preSolution
		Debug|Any CPU = Debug|Any CPU
		Release|Any CPU = Release|Any CPU
	EndGlobalSection
	GlobalSection(ProjectConfigurationPlatforms) = postSolution
		{70A8CC42-EDAF-4CBC-8960-5D1C23AE3795}.Debug|Any CPU.ActiveCfg = Debug|Any CPU
		{70A8CC42-EDAF-4CBC-8960-5D1C23AE3795}.Debug|Any CPU.Build.0 = Debug|Any CPU
		{70A8CC42-EDAF-4CBC-8960-5D1C23AE3795}.Release|Any CPU.ActiveCfg = Release|Any CPU
		{70A8CC42-EDAF-4CBC-8960-5D1C23AE3795}.Release|Any CPU.Build.0 = Release|Any CPU
	EndGlobalSection
	GlobalSection(SolutionProperties) = preSolution
		HideSolutionNode = FALSE
	EndGlobalSection
	GlobalSection(ExtensibilityGlobals) = postSolution
		SolutionGuid = {C93FAF32-889F-489D-A59C-4913EEA07FED}
	EndGlobalSection
EndGlobal
